
Microsoft Visual Studio Solution File, Format Version 12.00
# Visual Studio Version 17
VisualStudioVersion = 17.9.34723.18
MinimumVisualStudioVersion = 10.0.40219.1
Project("{FAE04EC0-301F-11D3-BF4B-00C04F79EFBC}") = "JocNums", "JocNums.csproj", "{D3B9EE47-2726-4ADC-A0FA-F345DFB7382D}"
EndProject
Global
	GlobalSection(SolutionConfigurationPlatforms) = preSolution
		Debug|Any CPU = Debug|Any CPU
		Release|Any CPU = Release|Any CPU
	EndGlobalSection
	GlobalSection(ProjectConfigurationPlatforms) = postSolution
		{D3B9EE47-2726-4ADC-A0FA-F345DFB7382D}.Debug|Any CPU.ActiveCfg = Debug|Any CPU
		{D3B9EE47-2726-4ADC-A0FA-F345DFB7382D}.Debug|Any CPU.Build.0 = Debug|Any CPU
		{D3B9EE47-2726-4ADC-A0FA-F345DFB7382D}.Release|Any CPU.ActiveCfg = Release|Any CPU
		{D3B9EE47-2726-4ADC-A0FA-F345DFB7382D}.Release|Any CPU.Build.0 = Release|Any CPU
	EndGlobalSection
	GlobalSection(SolutionProperties) = preSolution
		HideSolutionNode = FALSE
	EndGlobalSection
	GlobalSection(ExtensibilityGlobals) = postSolution
		SolutionGuid = {8E9F6A02-7B6F-4040-8469-DE910002A7A4}
	EndGlobalSection
EndGlobal
